Microsoft Visual Studio Solution File, Format Version 12.00
# Visual Studio 15
VisualStudioVersion = 15.0.27004.2002
MinimumVisualStudioVersion = 10.0.40219.1
Project("{9A19103F-16F7-4668-BE54-9A1E7A4F7556}") = "Web", "Web\Web.csproj", "{E006F912-7826-4C79-948B-1A81505EC8FF}"
EndProject
Project("{9A19103F-16F7-4668-BE54-9A1E7A4F7556}") = "Models", "Models\Models.csproj", "{E9C041B3-B412-4607-8853-1261536E8910}"
EndProject
Global
	GlobalSection(SolutionConfigurationPlatforms) = preSolution
		Debug|Any CPU = Debug|Any CPU
		Release|Any CPU = Release|Any CPU
	EndGlobalSection
	GlobalSection(ProjectConfigurationPlatforms) = postSolution
		{E006F912-7826-4C79-948B-1A81505EC8FF}.Debug|Any CPU.ActiveCfg = Debug|Any CPU
		{E006F912-7826-4C79-948B-1A81505EC8FF}.Debug|Any CPU.Build.0 = Debug|Any CPU
		{E006F912-7826-4C79-948B-1A81505EC8FF}.Release|Any CPU.ActiveCfg = Release|Any CPU
		{E006F912-7826-4C79-948B-1A81505EC8FF}.Release|Any CPU.Build.0 = Release|Any CPU
		{E9C041B3-B412-4607-8853-1261536E8910}.Debug|Any CPU.ActiveCfg = Debug|Any CPU
		{E9C041B3-B412-4607-8853-1261536E8910}.Debug|Any CPU.Build.0 = Debug|Any CPU
		{E9C041B3-B412-4607-8853-1261536E8910}.Release|Any CPU.ActiveCfg = Release|Any CPU
		{E9C041B3-B412-4607-8853-1261536E8910}.Release|Any CPU.Build.0 = Release|Any CPU
	EndGlobalSection
	GlobalSection(SolutionProperties) = preSolution
		HideSolutionNode = FALSE
	EndGlobalSection
	GlobalSection(ExtensibilityGlobals) = postSolution
		SolutionGuid = {D2563F34-CAF6-465C-BC60-542FA2C129B4}
	EndGlobalSection
EndGlobal
